{
  "name": "middle_earth",
  "lockfileVersion": 2,
  "requires": true,
  "packages": {
    "": {
      "name": "middle_earth",
      "hasInstallScript": true,
      "license": "GPL-3.0",
      "engines": {
        "mongodb": "^6.0.2",
        "node": "^16.18.0",
        "npm": "^8.19.2"
      }
    }
  }
}
